<?xml version="1.0" encoding="utf-8"?>
<Project ToolsVersion="4.0" xmlns="http://schemas.microsoft.com/developer/msbuild/2003">
  <ItemGroup>
    <ClCompile Include="AssetLoader.cpp" />
    <ClCompile Include="Character.cpp" />
    <ClCompile Include="Core.cpp" />
    <ClCompile Include="EventManager.cpp" />
    <ClCompile Include="Game.cpp" />
    <ClCompile Include="GameObject.cpp" />
    <ClCompile Include="Input.cpp" />
    <ClCompile Include="Inventory.cpp" />
    <ClCompile Include="main.cpp" />
    <ClCompile Include="Map.cpp" />
    <ClCompile Include="MarchingSquares.cpp" />
    <ClCompile Include="Model.cpp" />
    <ClCompile Include="PhysicsManager.cpp" />
    <ClCompile Include="PhysicsObject.cpp" />
    <ClCompile Include="Pickup.cpp" />
    <ClCompile Include="Planetoid.cpp" />
    <ClCompile Include="Player.cpp" />
    <ClCompile Include="Projectile.cpp" />
    <ClCompile Include="Renderable.cpp" />
    <ClCompile Include="Renderer.cpp" />
    <ClCompile Include="shader.cpp" />
    <ClCompile Include="Sound.cpp" />
    <ClCompile Include="SoundManager.cpp" />
    <ClCompile Include="TextComponent.cpp" />
    <ClCompile Include="UIComponent.cpp" />
    <ClCompile Include="UIManager.cpp" />
    <ClCompile Include="Weapon.cpp" />
    <ClCompile Include="ImageComponent.cpp" />
  </ItemGroup>
  <ItemGroup>
    <ClInclude Include="AssetLoader.h" />
    <ClInclude Include="Character.h" />
    <ClInclude Include="Core.h" />
    <ClInclude Include="EventManager.h" />
    <ClInclude Include="EventName.h" />
    <ClInclude Include="FontType.h" />
    <ClInclude Include="Game.h" />
    <ClInclude Include="GameObject.h" />
    <ClInclude Include="ImageComponent.h" />
    <ClInclude Include="Input.h" />
    <ClInclude Include="Inventory.h" />
    <ClInclude Include="Renderable.h" />
    <ClInclude Include="Map.h" />
    <ClInclude Include="MarchingSquares.h" />
    <ClInclude Include="Mesh.h" />
    <ClInclude Include="Model.h" />
    <ClInclude Include="PhysicsManager.h" />
    <ClInclude Include="PhysicsObject.h" />
    <ClInclude Include="Pickup.h" />
    <ClInclude Include="Planetoid.h" />
    <ClInclude Include="Player.h" />
    <ClInclude Include="Projectile.h" />
    <ClInclude Include="Renderer.h" />
    <ClInclude Include="shader.h" />
    <ClInclude Include="Sound.h" />
    <ClInclude Include="SoundManager.h" />
    <ClInclude Include="ISubscriber.h" />
    <ClInclude Include="TextComponent.h" />
    <ClInclude Include="UIComponent.h" />
    <ClInclude Include="UIManager.h" />
    <ClInclude Include="Weapon.h" />
  </ItemGroup>
  <ItemGroup>
    <None Include="FragmentShader.psh" />
    <None Include="VertexShader.vsh" />
    <None Include="FragmentShader2.psh" />
    <None Include="VertexShader2.vsh" />
  </ItemGroup>
</Project>